
Microsoft Visual Studio Solution File, Format Version 12.00
# Visual Studio Version 17
VisualStudioVersion = 17.3.32922.545
MinimumVisualStudioVersion = 10.0.40219.1
Project("{9A19103F-16F7-4668-BE54-9A1E7A4F7556}") = "ElectricityData", "ElectricityData\ElectricityData.csproj", "{209FD0CD-705B-4EB9-94B8-C7FCD638BDE3}"
EndProject
Project("{FAE04EC0-301F-11D3-BF4B-00C04F79EFBC}") = "Electricity-data-tests", "Electricity-data-tests\Electricity-data-tests.csproj", "{1617F7AC-34F9-4B89-B1E3-9E763BC0E8A1}"
EndProject
Global
	GlobalSection(SolutionConfigurationPlatforms) = preSolution
		Debug|Any CPU = Debug|Any CPU
		Release|Any CPU = Release|Any CPU
	EndGlobalSection
	GlobalSection(ProjectConfigurationPlatforms) = postSolution
		{209FD0CD-705B-4EB9-94B8-C7FCD638BDE3}.Debug|Any CPU.ActiveCfg = Debug|Any CPU
		{209FD0CD-705B-4EB9-94B8-C7FCD638BDE3}.Debug|Any CPU.Build.0 = Debug|Any CPU
		{209FD0CD-705B-4EB9-94B8-C7FCD638BDE3}.Release|Any CPU.ActiveCfg = Release|Any CPU
		{209FD0CD-705B-4EB9-94B8-C7FCD638BDE3}.Release|Any CPU.Build.0 = Release|Any CPU
		{1617F7AC-34F9-4B89-B1E3-9E763BC0E8A1}.Debug|Any CPU.ActiveCfg = Debug|Any CPU
		{1617F7AC-34F9-4B89-B1E3-9E763BC0E8A1}.Debug|Any CPU.Build.0 = Debug|Any CPU
		{1617F7AC-34F9-4B89-B1E3-9E763BC0E8A1}.Release|Any CPU.ActiveCfg = Release|Any CPU
		{1617F7AC-34F9-4B89-B1E3-9E763BC0E8A1}.Release|Any CPU.Build.0 = Release|Any CPU
	EndGlobalSection
	GlobalSection(SolutionProperties) = preSolution
		HideSolutionNode = FALSE
	EndGlobalSection
	GlobalSection(ExtensibilityGlobals) = postSolution
		SolutionGuid = {158C9699-035C-455C-923A-D352711A6D53}
	EndGlobalSection
EndGlobal
