
Microsoft Visual Studio Solution File, Format Version 12.00
# Visual Studio Version 17
VisualStudioVersion = 17.3.32922.545
MinimumVisualStudioVersion = 10.0.40219.1
Project("{9A19103F-16F7-4668-BE54-9A1E7A4F7556}") = "ElectricityData", "ElectricityData\ElectricityData.csproj", "{209FD0CD-705B-4EB9-94B8-C7FCD638BDE3}"
EndProject
Project("{9A19103F-16F7-4668-BE54-9A1E7A4F7556}") = "Electricity-data-tests", "Electricity-data-tests\Electricity-data-tests.csproj", "{1617F7AC-34F9-4B89-B1E3-9E763BC0E8A1}"
EndProject
Project("{2150E333-8FDC-42A3-9474-1A3956D46DE8}") = "Solution Items", "Solution Items", "{5ACCFD53-8EC9-4C7F-89F7-628F89E82AE9}"
	ProjectSection(SolutionItems) = preProject
		.editorconfig = .editorconfig
	EndProjectSection
EndProject
Project("{9A19103F-16F7-4668-BE54-9A1E7A4F7556}") = "Enitites", "Enitites\Enitites.csproj", "{343C4CB5-A240-46E3-ACB3-39F547DC18A9}"
EndProject
Project("{9A19103F-16F7-4668-BE54-9A1E7A4F7556}") = "Repositories", "Repositories\Repositories.csproj", "{CF201D67-9C6F-498B-A6BE-63FCAEDE66DC}"
EndProject
Project("{9A19103F-16F7-4668-BE54-9A1E7A4F7556}") = "Contracts", "Contracts\Contracts.csproj", "{C2FEE45F-81EC-4494-B57C-52056D9415B8}"
EndProject
Project("{9A19103F-16F7-4668-BE54-9A1E7A4F7556}") = "DownloadService", "DownloadService\DownloadService.csproj", "{0D32B5F9-0717-45AF-94DB-5B9E87EC3A6B}"
EndProject
Project("{FAE04EC0-301F-11D3-BF4B-00C04F79EFBC}") = "LoggerService", "LoggerService\LoggerService.csproj", "{F794307F-B97C-4C01-B65D-FB75CF13179A}"
EndProject
Global
	GlobalSection(SolutionConfigurationPlatforms) = preSolution
		Debug|Any CPU = Debug|Any CPU
		Release|Any CPU = Release|Any CPU
	EndGlobalSection
	GlobalSection(ProjectConfigurationPlatforms) = postSolution
		{209FD0CD-705B-4EB9-94B8-C7FCD638BDE3}.Debug|Any CPU.ActiveCfg = Debug|Any CPU
		{209FD0CD-705B-4EB9-94B8-C7FCD638BDE3}.Debug|Any CPU.Build.0 = Debug|Any CPU
		{209FD0CD-705B-4EB9-94B8-C7FCD638BDE3}.Release|Any CPU.ActiveCfg = Release|Any CPU
		{209FD0CD-705B-4EB9-94B8-C7FCD638BDE3}.Release|Any CPU.Build.0 = Release|Any CPU
		{1617F7AC-34F9-4B89-B1E3-9E763BC0E8A1}.Debug|Any CPU.ActiveCfg = Debug|Any CPU
		{1617F7AC-34F9-4B89-B1E3-9E763BC0E8A1}.Debug|Any CPU.Build.0 = Debug|Any CPU
		{1617F7AC-34F9-4B89-B1E3-9E763BC0E8A1}.Release|Any CPU.ActiveCfg = Release|Any CPU
		{1617F7AC-34F9-4B89-B1E3-9E763BC0E8A1}.Release|Any CPU.Build.0 = Release|Any CPU
		{343C4CB5-A240-46E3-ACB3-39F547DC18A9}.Debug|Any CPU.ActiveCfg = Debug|Any CPU
		{343C4CB5-A240-46E3-ACB3-39F547DC18A9}.Debug|Any CPU.Build.0 = Debug|Any CPU
		{343C4CB5-A240-46E3-ACB3-39F547DC18A9}.Release|Any CPU.ActiveCfg = Release|Any CPU
		{343C4CB5-A240-46E3-ACB3-39F547DC18A9}.Release|Any CPU.Build.0 = Release|Any CPU
		{CF201D67-9C6F-498B-A6BE-63FCAEDE66DC}.Debug|Any CPU.ActiveCfg = Debug|Any CPU
		{CF201D67-9C6F-498B-A6BE-63FCAEDE66DC}.Debug|Any CPU.Build.0 = Debug|Any CPU
		{CF201D67-9C6F-498B-A6BE-63FCAEDE66DC}.Release|Any CPU.ActiveCfg = Release|Any CPU
		{CF201D67-9C6F-498B-A6BE-63FCAEDE66DC}.Release|Any CPU.Build.0 = Release|Any CPU
		{C2FEE45F-81EC-4494-B57C-52056D9415B8}.Debug|Any CPU.ActiveCfg = Debug|Any CPU
		{C2FEE45F-81EC-4494-B57C-52056D9415B8}.Debug|Any CPU.Build.0 = Debug|Any CPU
		{C2FEE45F-81EC-4494-B57C-52056D9415B8}.Release|Any CPU.ActiveCfg = Release|Any CPU
		{C2FEE45F-81EC-4494-B57C-52056D9415B8}.Release|Any CPU.Build.0 = Release|Any CPU
		{0D32B5F9-0717-45AF-94DB-5B9E87EC3A6B}.Debug|Any CPU.ActiveCfg = Debug|Any CPU
		{0D32B5F9-0717-45AF-94DB-5B9E87EC3A6B}.Debug|Any CPU.Build.0 = Debug|Any CPU
		{0D32B5F9-0717-45AF-94DB-5B9E87EC3A6B}.Release|Any CPU.ActiveCfg = Release|Any CPU
		{0D32B5F9-0717-45AF-94DB-5B9E87EC3A6B}.Release|Any CPU.Build.0 = Release|Any CPU
		{F794307F-B97C-4C01-B65D-FB75CF13179A}.Debug|Any CPU.ActiveCfg = Debug|Any CPU
		{F794307F-B97C-4C01-B65D-FB75CF13179A}.Debug|Any CPU.Build.0 = Debug|Any CPU
		{F794307F-B97C-4C01-B65D-FB75CF13179A}.Release|Any CPU.ActiveCfg = Release|Any CPU
		{F794307F-B97C-4C01-B65D-FB75CF13179A}.Release|Any CPU.Build.0 = Release|Any CPU
	EndGlobalSection
	GlobalSection(SolutionProperties) = preSolution
		HideSolutionNode = FALSE
	EndGlobalSection
	GlobalSection(ExtensibilityGlobals) = postSolution
		SolutionGuid = {158C9699-035C-455C-923A-D352711A6D53}
	EndGlobalSection
EndGlobal
